
Microsoft Visual Studio Solution File, Format Version 12.00
# Visual Studio 15
VisualStudioVersion = 15.0.28307.1259
MinimumVisualStudioVersion = 10.0.40219.1
Project("{FAE04EC0-301F-11D3-BF4B-00C04F79EFBC}") = "IceBear.UI.MVC", "IceBear.UI.MVC\IceBear.UI.MVC.csproj", "{607EEBFD-C92C-423D-9579-25B46E75DE61}"
EndProject
Project("{FAE04EC0-301F-11D3-BF4B-00C04F79EFBC}") = "IceBear.Data.EF", "IceBear.Data.EF\IceBear.Data.EF.csproj", "{B24D2D54-13AC-4001-8B57-5C89DDB5C1BE}"
EndProject
Global
	GlobalSection(SolutionConfigurationPlatforms) = preSolution
		Debug|Any CPU = Debug|Any CPU
		Release|Any CPU = Release|Any CPU
	EndGlobalSection
	GlobalSection(ProjectConfigurationPlatforms) = postSolution
		{607EEBFD-C92C-423D-9579-25B46E75DE61}.Debug|Any CPU.ActiveCfg = Debug|Any CPU
		{607EEBFD-C92C-423D-9579-25B46E75DE61}.Debug|Any CPU.Build.0 = Debug|Any CPU
		{607EEBFD-C92C-423D-9579-25B46E75DE61}.Release|Any CPU.ActiveCfg = Release|Any CPU
		{607EEBFD-C92C-423D-9579-25B46E75DE61}.Release|Any CPU.Build.0 = Release|Any CPU
		{B24D2D54-13AC-4001-8B57-5C89DDB5C1BE}.Debug|Any CPU.ActiveCfg = Debug|Any CPU
		{B24D2D54-13AC-4001-8B57-5C89DDB5C1BE}.Debug|Any CPU.Build.0 = Debug|Any CPU
		{B24D2D54-13AC-4001-8B57-5C89DDB5C1BE}.Release|Any CPU.ActiveCfg = Release|Any CPU
		{B24D2D54-13AC-4001-8B57-5C89DDB5C1BE}.Release|Any CPU.Build.0 = Release|Any CPU
	EndGlobalSection
	GlobalSection(SolutionProperties) = preSolution
		HideSolutionNode = FALSE
	EndGlobalSection
	GlobalSection(ExtensibilityGlobals) = postSolution
		SolutionGuid = {EDA654CE-9B2D-456A-ACB8-3ED8F06EFE9B}
	EndGlobalSection
EndGlobal
